%{"erlcloud": {:git, "git://github.com/gleber/erlcloud.git", "945611bde860b2c4dfb8d8615fcbe64691d65371", []},
  "jsx": {:git, "git://github.com/talentdeficit/jsx.git", "9706401c0e1fa33161d1ec8ab20edcdccc977e17", []},
  "lhttpc": {:git, "git://github.com/talko/lhttpc", "2d01a5f9c7543b77bdd57f44c92e72801f46e423", [ref: "master"]},
  "meck": {:git, "https://github.com/eproxus/meck.git", "98cdc40fe6ae7780491ed8d0db691dd15625e9b2", [ref: "master"]}}
